# Generated by move; do not edit
# This file should be checked in.

[move]
version = 4

[pinned.testnet.MoveStdlib]
source = { git = "https://github.com/MystenLabs/sui.git", subdir = "crates/sui-framework/packages/move-stdlib", rev = "7eb0585f6e0311734aa1892ed828cebeb380930c" }
use_environment = "testnet"
manifest_digest = "C4FE4C91DE74CBF223B2E380AE40F592177D21870DC2D7EB6227D2D694E05363"
deps = {}

[pinned.testnet.Sui]
source = { git = "https://github.com/MystenLabs/sui.git", subdir = "crates/sui-framework/packages/sui-framework", rev = "7eb0585f6e0311734aa1892ed828cebeb380930c" }
use_environment = "testnet"
manifest_digest = "7AFB66695545775FBFBB2D3078ADFD084244D5002392E837FDE21D9EA1C6D01C"
deps = { MoveStdlib = "MoveStdlib" }

[pinned.testnet.swap]
source = { local = ".." }
use_environment = "testnet"
manifest_digest = "A929E1F579242128883FB61B7940E9D8C142D54DBF8C03A1FA96C916B293A2E8"
deps = { Sui = "Sui" }

[pinned.testnet.test_coins]
source = { root = true }
use_environment = "testnet"
manifest_digest = "0A2471A34C5BD5CEC4CC060695190BD5021E5BED080ADF538BF0BBF49CE96B77"
deps = { Sui = "Sui", swap = "swap" }
